
Microsoft Visual Studio Solution File, Format Version 12.00
# Visual Studio 2013
VisualStudioVersion = 12.0.31101.0
MinimumVisualStudioVersion = 10.0.40219.1
Project("{FAE04EC0-301F-11D3-BF4B-00C04F79EFBC}") = "wmwood.Raj", "wmwood.Raj\wmwood.Raj.csproj", "{FF17B067-2586-4DF7-ADEE-38D0153507C1}"
EndProject
Project("{FAE04EC0-301F-11D3-BF4B-00C04F79EFBC}") = "wmwood.Raj.Tests", "wmwood.Raj.Tests\wmwood.Raj.Tests.csproj", "{BEA62B3B-1517-4CE1-96AC-99996BE83FF7}"
EndProject
Project("{2150E333-8FDC-42A3-9474-1A3956D46DE8}") = ".nuget", ".nuget", "{A7B16C5C-BDF6-4159-8FFF-C87C9325D560}"
	ProjectSection(SolutionItems) = preProject
		.nuget\packages.config = .nuget\packages.config
	EndProjectSection
EndProject
Global
	GlobalSection(SolutionConfigurationPlatforms) = preSolution
		Debug|Any CPU = Debug|Any CPU
		Release|Any CPU = Release|Any CPU
	EndGlobalSection
	GlobalSection(ProjectConfigurationPlatforms) = postSolution
		{FF17B067-2586-4DF7-ADEE-38D0153507C1}.Debug|Any CPU.ActiveCfg = Debug|Any CPU
		{FF17B067-2586-4DF7-ADEE-38D0153507C1}.Debug|Any CPU.Build.0 = Debug|Any CPU
		{FF17B067-2586-4DF7-ADEE-38D0153507C1}.Release|Any CPU.ActiveCfg = Release|Any CPU
		{FF17B067-2586-4DF7-ADEE-38D0153507C1}.Release|Any CPU.Build.0 = Release|Any CPU
		{BEA62B3B-1517-4CE1-96AC-99996BE83FF7}.Debug|Any CPU.ActiveCfg = Debug|Any CPU
		{BEA62B3B-1517-4CE1-96AC-99996BE83FF7}.Debug|Any CPU.Build.0 = Debug|Any CPU
		{BEA62B3B-1517-4CE1-96AC-99996BE83FF7}.Release|Any CPU.ActiveCfg = Release|Any CPU
		{BEA62B3B-1517-4CE1-96AC-99996BE83FF7}.Release|Any CPU.Build.0 = Release|Any CPU
	EndGlobalSection
	GlobalSection(SolutionProperties) = preSolution
		HideSolutionNode = FALSE
	EndGlobalSection
EndGlobal
